
Microsoft Visual Studio Solution File, Format Version 12.00
# Visual Studio Version 17
VisualStudioVersion = 17.9.34622.214
MinimumVisualStudioVersion = 10.0.40219.1
Project("{9A19103F-16F7-4668-BE54-9A1E7A4F7556}") = "MinhChat", "MinhChat\MinhChat.csproj", "{B8491D1F-AAD3-4605-B4AA-D197F519661E}"
EndProject
Project("{2150E333-8FDC-42A3-9474-1A3956D46DE8}") = "Test", "Test", "{FD90BA5B-72D0-45EF-878F-260461EBD0F2}"
EndProject
Project("{FAE04EC0-301F-11D3-BF4B-00C04F79EFBC}") = "MinhChatApiTest", "MinhChatApiTest\MinhChatApiTest.csproj", "{EF0FE524-17F9-4443-83FB-C278BEF10191}"
EndProject
Global
	GlobalSection(SolutionConfigurationPlatforms) = preSolution
		Debug|Any CPU = Debug|Any CPU
		Release|Any CPU = Release|Any CPU
	EndGlobalSection
	GlobalSection(ProjectConfigurationPlatforms) = postSolution
		{B8491D1F-AAD3-4605-B4AA-D197F519661E}.Debug|Any CPU.ActiveCfg = Debug|Any CPU
		{B8491D1F-AAD3-4605-B4AA-D197F519661E}.Debug|Any CPU.Build.0 = Debug|Any CPU
		{B8491D1F-AAD3-4605-B4AA-D197F519661E}.Release|Any CPU.ActiveCfg = Release|Any CPU
		{B8491D1F-AAD3-4605-B4AA-D197F519661E}.Release|Any CPU.Build.0 = Release|Any CPU
		{EF0FE524-17F9-4443-83FB-C278BEF10191}.Debug|Any CPU.ActiveCfg = Debug|Any CPU
		{EF0FE524-17F9-4443-83FB-C278BEF10191}.Debug|Any CPU.Build.0 = Debug|Any CPU
		{EF0FE524-17F9-4443-83FB-C278BEF10191}.Release|Any CPU.ActiveCfg = Release|Any CPU
		{EF0FE524-17F9-4443-83FB-C278BEF10191}.Release|Any CPU.Build.0 = Release|Any CPU
	EndGlobalSection
	GlobalSection(SolutionProperties) = preSolution
		HideSolutionNode = FALSE
	EndGlobalSection
	GlobalSection(NestedProjects) = preSolution
		{EF0FE524-17F9-4443-83FB-C278BEF10191} = {FD90BA5B-72D0-45EF-878F-260461EBD0F2}
	EndGlobalSection
	GlobalSection(ExtensibilityGlobals) = postSolution
		SolutionGuid = {5CE5C9F8-9EC8-461C-9FFB-B6685D130A2F}
	EndGlobalSection
EndGlobal
